
Microsoft Visual Studio Solution File, Format Version 12.00
# Visual Studio Version 17
VisualStudioVersion = 17.10.35027.167
MinimumVisualStudioVersion = 10.0.40219.1
Project("{9A19103F-16F7-4668-BE54-9A1E7A4F7556}") = "Sparky", "Sparky\Sparky.csproj", "{125C389C-E73F-4F31-A1C1-3A562B14310E}"
EndProject
Project("{9A19103F-16F7-4668-BE54-9A1E7A4F7556}") = "SparkyMSTest", "SparkyMSTest\SparkyMSTest.csproj", "{C36F73E6-7053-455B-8F20-1D7B2D573AF6}"
EndProject
Project("{9A19103F-16F7-4668-BE54-9A1E7A4F7556}") = "SparkyNUnitTest", "SparkyNUnitTest\SparkyNUnitTest.csproj", "{9A6A1FF5-9CEC-4564-8DC5-9DBC06A8E43E}"
EndProject
Project("{FAE04EC0-301F-11D3-BF4B-00C04F79EFBC}") = "SparkyXUnit", "SparkyXUnit\SparkyXUnit.csproj", "{6E099BCB-68DC-4D67-940C-D67F587092CA}"
EndProject
Project("{2150E333-8FDC-42A3-9474-1A3956D46DE8}") = "Basic Foundation", "Basic Foundation", "{0160A0F3-457C-4404-A905-B674396B4CB8}"
EndProject
Project("{2150E333-8FDC-42A3-9474-1A3956D46DE8}") = "BongoWeb", "BongoWeb", "{41A03323-0786-4736-AE67-4382FBB504C9}"
EndProject
Project("{9A19103F-16F7-4668-BE54-9A1E7A4F7556}") = "Bongo.Core", "Bongo_InitialSetup (.NET 6)\Bongo.Core\Bongo.Core.csproj", "{172F2A99-191F-4B6D-AC6F-EBBCB5C5A0AA}"
EndProject
Project("{9A19103F-16F7-4668-BE54-9A1E7A4F7556}") = "Bongo.DataAccess", "Bongo_InitialSetup (.NET 6)\Bongo.DataAccess\Bongo.DataAccess.csproj", "{D0CD0634-C30F-4650-9D85-9EEE3EC8B90B}"
EndProject
Project("{9A19103F-16F7-4668-BE54-9A1E7A4F7556}") = "Bongo.Models", "Bongo_InitialSetup (.NET 6)\Bongo.Models\Bongo.Models.csproj", "{F15A4990-9127-4EC3-B335-6146A42B398F}"
EndProject
Project("{9A19103F-16F7-4668-BE54-9A1E7A4F7556}") = "Bongo.Web", "Bongo_InitialSetup (.NET 6)\Bongo.Web\Bongo.Web.csproj", "{B0CD5BDF-81B6-4C58-81F0-8230F4FAAFAD}"
EndProject
Project("{FAE04EC0-301F-11D3-BF4B-00C04F79EFBC}") = "Bongo.Models.Tests", "Bongo.Models.Tests\Bongo.Models.Tests.csproj", "{186F9446-040B-4B34-885D-E82113B347D5}"
EndProject
Project("{FAE04EC0-301F-11D3-BF4B-00C04F79EFBC}") = "Bongo.DataAccess.Tests", "Bongo.DataAccess.Tests\Bongo.DataAccess.Tests.csproj", "{F8F5A599-06D7-42D5-910F-5F44AD77A80D}"
EndProject
Global
	GlobalSection(SolutionConfigurationPlatforms) = preSolution
		Debug|Any CPU = Debug|Any CPU
		Release|Any CPU = Release|Any CPU
	EndGlobalSection
	GlobalSection(ProjectConfigurationPlatforms) = postSolution
		{125C389C-E73F-4F31-A1C1-3A562B14310E}.Debug|Any CPU.ActiveCfg = Debug|Any CPU
		{125C389C-E73F-4F31-A1C1-3A562B14310E}.Debug|Any CPU.Build.0 = Debug|Any CPU
		{125C389C-E73F-4F31-A1C1-3A562B14310E}.Release|Any CPU.ActiveCfg = Release|Any CPU
		{125C389C-E73F-4F31-A1C1-3A562B14310E}.Release|Any CPU.Build.0 = Release|Any CPU
		{C36F73E6-7053-455B-8F20-1D7B2D573AF6}.Debug|Any CPU.ActiveCfg = Debug|Any CPU
		{C36F73E6-7053-455B-8F20-1D7B2D573AF6}.Debug|Any CPU.Build.0 = Debug|Any CPU
		{C36F73E6-7053-455B-8F20-1D7B2D573AF6}.Release|Any CPU.ActiveCfg = Release|Any CPU
		{C36F73E6-7053-455B-8F20-1D7B2D573AF6}.Release|Any CPU.Build.0 = Release|Any CPU
		{9A6A1FF5-9CEC-4564-8DC5-9DBC06A8E43E}.Debug|Any CPU.ActiveCfg = Debug|Any CPU
		{9A6A1FF5-9CEC-4564-8DC5-9DBC06A8E43E}.Debug|Any CPU.Build.0 = Debug|Any CPU
		{9A6A1FF5-9CEC-4564-8DC5-9DBC06A8E43E}.Release|Any CPU.ActiveCfg = Release|Any CPU
		{9A6A1FF5-9CEC-4564-8DC5-9DBC06A8E43E}.Release|Any CPU.Build.0 = Release|Any CPU
		{6E099BCB-68DC-4D67-940C-D67F587092CA}.Debug|Any CPU.ActiveCfg = Debug|Any CPU
		{6E099BCB-68DC-4D67-940C-D67F587092CA}.Debug|Any CPU.Build.0 = Debug|Any CPU
		{6E099BCB-68DC-4D67-940C-D67F587092CA}.Release|Any CPU.ActiveCfg = Release|Any CPU
		{6E099BCB-68DC-4D67-940C-D67F587092CA}.Release|Any CPU.Build.0 = Release|Any CPU
		{172F2A99-191F-4B6D-AC6F-EBBCB5C5A0AA}.Debug|Any CPU.ActiveCfg = Debug|Any CPU
		{172F2A99-191F-4B6D-AC6F-EBBCB5C5A0AA}.Debug|Any CPU.Build.0 = Debug|Any CPU
		{172F2A99-191F-4B6D-AC6F-EBBCB5C5A0AA}.Release|Any CPU.ActiveCfg = Release|Any CPU
		{172F2A99-191F-4B6D-AC6F-EBBCB5C5A0AA}.Release|Any CPU.Build.0 = Release|Any CPU
		{D0CD0634-C30F-4650-9D85-9EEE3EC8B90B}.Debug|Any CPU.ActiveCfg = Debug|Any CPU
		{D0CD0634-C30F-4650-9D85-9EEE3EC8B90B}.Debug|Any CPU.Build.0 = Debug|Any CPU
		{D0CD0634-C30F-4650-9D85-9EEE3EC8B90B}.Release|Any CPU.ActiveCfg = Release|Any CPU
		{D0CD0634-C30F-4650-9D85-9EEE3EC8B90B}.Release|Any CPU.Build.0 = Release|Any CPU
		{F15A4990-9127-4EC3-B335-6146A42B398F}.Debug|Any CPU.ActiveCfg = Debug|Any CPU
		{F15A4990-9127-4EC3-B335-6146A42B398F}.Debug|Any CPU.Build.0 = Debug|Any CPU
		{F15A4990-9127-4EC3-B335-6146A42B398F}.Release|Any CPU.ActiveCfg = Release|Any CPU
		{F15A4990-9127-4EC3-B335-6146A42B398F}.Release|Any CPU.Build.0 = Release|Any CPU
		{B0CD5BDF-81B6-4C58-81F0-8230F4FAAFAD}.Debug|Any CPU.ActiveCfg = Debug|Any CPU
		{B0CD5BDF-81B6-4C58-81F0-8230F4FAAFAD}.Debug|Any CPU.Build.0 = Debug|Any CPU
		{B0CD5BDF-81B6-4C58-81F0-8230F4FAAFAD}.Release|Any CPU.ActiveCfg = Release|Any CPU
		{B0CD5BDF-81B6-4C58-81F0-8230F4FAAFAD}.Release|Any CPU.Build.0 = Release|Any CPU
		{186F9446-040B-4B34-885D-E82113B347D5}.Debug|Any CPU.ActiveCfg = Debug|Any CPU
		{186F9446-040B-4B34-885D-E82113B347D5}.Debug|Any CPU.Build.0 = Debug|Any CPU
		{186F9446-040B-4B34-885D-E82113B347D5}.Release|Any CPU.ActiveCfg = Release|Any CPU
		{186F9446-040B-4B34-885D-E82113B347D5}.Release|Any CPU.Build.0 = Release|Any CPU
		{F8F5A599-06D7-42D5-910F-5F44AD77A80D}.Debug|Any CPU.ActiveCfg = Debug|Any CPU
		{F8F5A599-06D7-42D5-910F-5F44AD77A80D}.Debug|Any CPU.Build.0 = Debug|Any CPU
		{F8F5A599-06D7-42D5-910F-5F44AD77A80D}.Release|Any CPU.ActiveCfg = Release|Any CPU
		{F8F5A599-06D7-42D5-910F-5F44AD77A80D}.Release|Any CPU.Build.0 = Release|Any CPU
	EndGlobalSection
	GlobalSection(SolutionProperties) = preSolution
		HideSolutionNode = FALSE
	EndGlobalSection
	GlobalSection(NestedProjects) = preSolution
		{125C389C-E73F-4F31-A1C1-3A562B14310E} = {0160A0F3-457C-4404-A905-B674396B4CB8}
		{C36F73E6-7053-455B-8F20-1D7B2D573AF6} = {0160A0F3-457C-4404-A905-B674396B4CB8}
		{9A6A1FF5-9CEC-4564-8DC5-9DBC06A8E43E} = {0160A0F3-457C-4404-A905-B674396B4CB8}
		{6E099BCB-68DC-4D67-940C-D67F587092CA} = {0160A0F3-457C-4404-A905-B674396B4CB8}
		{172F2A99-191F-4B6D-AC6F-EBBCB5C5A0AA} = {41A03323-0786-4736-AE67-4382FBB504C9}
		{D0CD0634-C30F-4650-9D85-9EEE3EC8B90B} = {41A03323-0786-4736-AE67-4382FBB504C9}
		{F15A4990-9127-4EC3-B335-6146A42B398F} = {41A03323-0786-4736-AE67-4382FBB504C9}
		{B0CD5BDF-81B6-4C58-81F0-8230F4FAAFAD} = {41A03323-0786-4736-AE67-4382FBB504C9}
		{186F9446-040B-4B34-885D-E82113B347D5} = {41A03323-0786-4736-AE67-4382FBB504C9}
		{F8F5A599-06D7-42D5-910F-5F44AD77A80D} = {41A03323-0786-4736-AE67-4382FBB504C9}
	EndGlobalSection
	GlobalSection(ExtensibilityGlobals) = postSolution
		SolutionGuid = {EC837111-B698-4EBF-BC21-00618EF64F62}
	EndGlobalSection
EndGlobal
